// !$*UTF8*$!
{
	archiveVersion = 1;
	classes = {
	};
	objectVersion = 46;
	objects = {

/* Begin PBXBuildFile section */
		1BAADD671ADBF3F700B7F0BC /* main.m in Sources */ = {isa = PBXBuildFile; fileRef = 1BAADD661ADBF3F700B7F0BC /* main.m */; };
		1BAADD6A1ADBF3F700B7F0BC /* AppDelegate.m in Sources */ = {isa = PBXBuildFile; fileRef = 1BAADD691ADBF3F700B7F0BC /* AppDelegate.m */; };
		1BAADD6D1ADBF3F700B7F0BC /* ViewController.m in Sources */ = {isa = PBXBuildFile; fileRef = 1BAADD6C1ADBF3F700B7F0BC /* ViewController.m */; };
		1BAADD701ADBF3F700B7F0BC /* Main.storyboard in Resources */ = {isa = PBXBuildFile; fileRef = 1BAADD6E1ADBF3F700B7F0BC /* Main.storyboard */; };
		1BAADD721ADBF3F700B7F0BC /* Images.xcassets in Resources */ = {isa = PBXBuildFile; fileRef = 1BAADD711ADBF3F700B7F0BC /* Images.xcassets */; };
		1BAADD751ADBF3F700B7F0BC /* LaunchScreen.xib in Resources */ = {isa = PBXBuildFile; fileRef = 1BAADD731ADBF3F700B7F0BC /* LaunchScreen.xib */; };
		1BAADD811ADBF3F700B7F0BC /* CineAgendaTests.m in Sources */ = {isa = PBXBuildFile; fileRef = 1BAADD801ADBF3F700B7F0BC /* CineAgendaTests.m */; };
		1BAADDB01ADBF78F00B7F0BC /* iTunesArtwork@2x.png in Resources */ = {isa = PBXBuildFile; fileRef = 1BAADD9A1ADBF78F00B7F0BC /* iTunesArtwork@2x.png */; };
		1BAADDB11ADBF78F00B7F0BC /* Layout Feed 01 Aba 01.png in Resources */ = {isa = PBXBuildFile; fileRef = 1BAADD9B1ADBF78F00B7F0BC /* Layout Feed 01 Aba 01.png */; };
		1BAADDB21ADBF78F00B7F0BC /* Layout Feed 01 Aba 02.png in Resources */ = {isa = PBXBuildFile; fileRef = 1BAADD9C1ADBF78F00B7F0BC /* Layout Feed 01 Aba 02.png */; };
		1BAADDB31ADBF78F00B7F0BC /* Layout Feed 01 Agenda.png in Resources */ = {isa = PBXBuildFile; fileRef = 1BAADD9D1ADBF78F00B7F0BC /* Layout Feed 01 Agenda.png */; };
		1BAADDB41ADBF78F00B7F0BC /* Layout Feed 01 Poster size.png in Resources */ = {isa = PBXBuildFile; fileRef = 1BAADD9E1ADBF78F00B7F0BC /* Layout Feed 01 Poster size.png */; };
		1BAADDB51ADBF78F00B7F0BC /* Layout Feed 01 Ver mais.png in Resources */ = {isa = PBXBuildFile; fileRef = 1BAADD9F1ADBF78F00B7F0BC /* Layout Feed 01 Ver mais.png */; };
		1BAADDB61ADBF78F00B7F0BC /* Layout Feed 01.png in Resources */ = {isa = PBXBuildFile; fileRef = 1BAADDA01ADBF78F00B7F0BC /* Layout Feed 01.png */; };
		1BAADDB71ADBF78F00B7F0BC /* Layout Feed 02.png in Resources */ = {isa = PBXBuildFile; fileRef = 1BAADDA11ADBF78F00B7F0BC /* Layout Feed 02.png */; };
		1BAADDB81ADBF78F00B7F0BC /* Layout Login 01 Entrar (2).png in Resources */ = {isa = PBXBuildFile; fileRef = 1BAADDA21ADBF78F00B7F0BC /* Layout Login 01 Entrar (2).png */; };
		1BAADDB91ADBF78F00B7F0BC /* Layout Login.png in Resources */ = {isa = PBXBuildFile; fileRef = 1BAADDA31ADBF78F00B7F0BC /* Layout Login.png */; };
		1BAADDBA1ADBF78F00B7F0BC /* Layout Minha Agenda 01 Adicionar Filme.png in Resources */ = {isa = PBXBuildFile; fileRef = 1BAADDA41ADBF78F00B7F0BC /* Layout Minha Agenda 01 Adicionar Filme.png */; };
		1BAADDBB1ADBF78F00B7F0BC /* Layout Minha Agenda 01 Favoritar off.png in Resources */ = {isa = PBXBuildFile; fileRef = 1BAADDA51ADBF78F00B7F0BC /* Layout Minha Agenda 01 Favoritar off.png */; };
		1BAADDBC1ADBF78F00B7F0BC /* Layout Minha Agenda 01 Favoritar on.png in Resources */ = {isa = PBXBuildFile; fileRef = 1BAADDA61ADBF78F00B7F0BC /* Layout Minha Agenda 01 Favoritar on.png */; };
		1BAADDBD1ADBF78F00B7F0BC /* Layout Minha Agenda 01 Favoritos.png in Resources */ = {isa = PBXBuildFile; fileRef = 1BAADDA71ADBF78F00B7F0BC /* Layout Minha Agenda 01 Favoritos.png */; };
		1BAADDBE1ADBF78F00B7F0BC /* Layout Minha Agenda 01 Novo Filme.png in Resources */ = {isa = PBXBuildFile; fileRef = 1BAADDA81ADBF78F00B7F0BC /* Layout Minha Agenda 01 Novo Filme.png */; };
		1BAADDBF1ADBF78F00B7F0BC /* Layout Minha Agenda 01.png in Resources */ = {isa = PBXBuildFile; fileRef = 1BAADDA91ADBF78F00B7F0BC /* Layout Minha Agenda 01.png */; };
		1BAADDC01ADBF78F00B7F0BC /* Layout Sidebar 01 Icon Feed.png in Resources */ = {isa = PBXBuildFile; fileRef = 1BAADDAA1ADBF78F00B7F0BC /* Layout Sidebar 01 Icon Feed.png */; };
		1BAADDC11ADBF78F00B7F0BC /* Layout Sidebar 01 Icon Minha Agenda.png in Resources */ = {isa = PBXBuildFile; fileRef = 1BAADDAB1ADBF78F00B7F0BC /* Layout Sidebar 01 Icon Minha Agenda.png */; };
		1BAADDC21ADBF78F00B7F0BC /* Layout Sidebar 01 Icon Preferências.png in Resources */ = {isa = PBXBuildFile; fileRef = 1BAADDAC1ADBF78F00B7F0BC /* Layout Sidebar 01 Icon Preferências.png */; };
		1BAADDC31ADBF78F00B7F0BC /* Layout Sidebar 01 Icon Sair.png in Resources */ = {isa = PBXBuildFile; fileRef = 1BAADDAD1ADBF78F00B7F0BC /* Layout Sidebar 01 Icon Sair.png */; };
		1BAADDC41ADBF78F00B7F0BC /* Layout Sidebar 01 Icon.png in Resources */ = {isa = PBXBuildFile; fileRef = 1BAADDAE1ADBF78F00B7F0BC /* Layout Sidebar 01 Icon.png */; };
		1BAADDC51ADBF78F00B7F0BC /* Layout Sidebar 01.png in Resources */ = {isa = PBXBuildFile; fileRef = 1BAADDAF1ADBF78F00B7F0BC /* Layout Sidebar 01.png */; };
		1BAADDCD1ADBF7B700B7F0BC /* Layout Feed 01 Top Bar 01.png in Resources */ = {isa = PBXBuildFile; fileRef = 1BAADDC61ADBF7B700B7F0BC /* Layout Feed 01 Top Bar 01.png */; };
		1BAADDCE1ADBF7B700B7F0BC /* Layout Feed 01 Top Bar 02.png in Resources */ = {isa = PBXBuildFile; fileRef = 1BAADDC71ADBF7B700B7F0BC /* Layout Feed 01 Top Bar 02.png */; };
		1BAADDCF1ADBF7B700B7F0BC /* Layout Minha Agenda 01 Buscar na lista.png in Resources */ = {isa = PBXBuildFile; fileRef = 1BAADDC81ADBF7B700B7F0BC /* Layout Minha Agenda 01 Buscar na lista.png */; };
		1BAADDD01ADBF7B700B7F0BC /* Layout Minha Agenda 01 Confirmar.png in Resources */ = {isa = PBXBuildFile; fileRef = 1BAADDC91ADBF7B700B7F0BC /* Layout Minha Agenda 01 Confirmar.png */; };
		1BAADDD11ADBF7B700B7F0BC /* Layout Minha Agenda 01 Editar 01.png in Resources */ = {isa = PBXBuildFile; fileRef = 1BAADDCA1ADBF7B700B7F0BC /* Layout Minha Agenda 01 Editar 01.png */; };
		1BAADDD21ADBF7B700B7F0BC /* Layout Minha Agenda 01 Excluir.png in Resources */ = {isa = PBXBuildFile; fileRef = 1BAADDCB1ADBF7B700B7F0BC /* Layout Minha Agenda 01 Excluir.png */; };
		1BAADDD31ADBF7B700B7F0BC /* Layout Minha Agenda 01 Voltar.png in Resources */ = {isa = PBXBuildFile; fileRef = 1BAADDCC1ADBF7B700B7F0BC /* Layout Minha Agenda 01 Voltar.png */; };
/* End PBXBuildFile section */

/* Begin PBXContainerItemProxy section */
		1BAADD7B1ADBF3F700B7F0BC /* PBXContainerItemProxy */ = {
			isa = PBXContainerItemProxy;
			containerPortal = 1BAADD591ADBF3F700B7F0BC /* Project object */;
			proxyType = 1;
			remoteGlobalIDString = 1BAADD601ADBF3F700B7F0BC;
			remoteInfo = CineAgenda;
		};
/* End PBXContainerItemProxy section */

/* Begin PBXFileReference section */
		1BAADD611ADBF3F700B7F0BC /* CineAgenda.app */ = {isa = PBXFileReference; explicitFileType = wrapper.application; includeInIndex = 0; path = CineAgenda.app; sourceTree = BUILT_PRODUCTS_DIR; };
		1BAADD651ADBF3F700B7F0BC /* Info.plist */ = {isa = PBXFileReference; lastKnownFileType = text.plist.xml; path = Info.plist; sourceTree = "<group>"; };
		1BAADD661ADBF3F700B7F0BC /* main.m */ = {isa = PBXFileReference; lastKnownFileType = sourcecode.c.objc; path = main.m; sourceTree = "<group>"; };
		1BAADD681ADBF3F700B7F0BC /* AppDelegate.h */ = {isa = PBXFileReference; lastKnownFileType = sourcecode.c.h; path = AppDelegate.h; sourceTree = "<group>"; };
		1BAADD691ADBF3F700B7F0BC /* AppDelegate.m */ = {isa = PBXFileReference; lastKnownFileType = sourcecode.c.objc; path = AppDelegate.m; sourceTree = "<group>"; };
		1BAADD6B1ADBF3F700B7F0BC /* ViewController.h */ = {isa = PBXFileReference; lastKnownFileType = sourcecode.c.h; path = ViewController.h; sourceTree = "<group>"; };
		1BAADD6C1ADBF3F700B7F0BC /* ViewController.m */ = {isa = PBXFileReference; lastKnownFileType = sourcecode.c.objc; path = ViewController.m; sourceTree = "<group>"; };
		1BAADD6F1ADBF3F700B7F0BC /* Base */ = {isa = PBXFileReference; lastKnownFileType = file.storyboard; name = Base; path = Base.lproj/Main.storyboard; sourceTree = "<group>"; };
		1BAADD711ADBF3F700B7F0BC /* Images.xcassets */ = {isa = PBXFileReference; lastKnownFileType = folder.assetcatalog; path = Images.xcassets; sourceTree = "<group>"; };
		1BAADD741ADBF3F700B7F0BC /* Base */ = {isa = PBXFileReference; lastKnownFileType = file.xib; name = Base; path = Base.lproj/LaunchScreen.xib; sourceTree = "<group>"; };
		1BAADD7A1ADBF3F700B7F0BC /* CineAgendaTests.xctest */ = {isa = PBXFileReference; explicitFileType = wrapper.cfbundle; includeInIndex = 0; path = CineAgendaTests.xctest; sourceTree = BUILT_PRODUCTS_DIR; };
		1BAADD7F1ADBF3F700B7F0BC /* Info.plist */ = {isa = PBXFileReference; lastKnownFileType = text.plist.xml; path = Info.plist; sourceTree = "<group>"; };
		1BAADD801ADBF3F700B7F0BC /* CineAgendaTests.m */ = {isa = PBXFileReference; lastKnownFileType = sourcecode.c.objc; path = CineAgendaTests.m; sourceTree = "<group>"; };
		1BAADD9A1ADBF78F00B7F0BC /* iTunesArtwork@2x.png */ = {isa = PBXFileReference; lastKnownFileType = image.png; path = "iTunesArtwork@2x.png"; sourceTree = "<group>"; };
		1BAADD9B1ADBF78F00B7F0BC /* Layout Feed 01 Aba 01.png */ = {isa = PBXFileReference; lastKnownFileType = image.png; path = "Layout Feed 01 Aba 01.png"; sourceTree = "<group>"; };
		1BAADD9C1ADBF78F00B7F0BC /* Layout Feed 01 Aba 02.png */ = {isa = PBXFileReference; lastKnownFileType = image.png; path = "Layout Feed 01 Aba 02.png"; sourceTree = "<group>"; };
		1BAADD9D1ADBF78F00B7F0BC /* Layout Feed 01 Agenda.png */ = {isa = PBXFileReference; lastKnownFileType = image.png; path = "Layout Feed 01 Agenda.png"; sourceTree = "<group>"; };
		1BAADD9E1ADBF78F00B7F0BC /* Layout Feed 01 Poster size.png */ = {isa = PBXFileReference; lastKnownFileType = image.png; path = "Layout Feed 01 Poster size.png"; sourceTree = "<group>"; };
		1BAADD9F1ADBF78F00B7F0BC /* Layout Feed 01 Ver mais.png */ = {isa = PBXFileReference; lastKnownFileType = image.png; path = "Layout Feed 01 Ver mais.png"; sourceTree = "<group>"; };
		1BAADDA01ADBF78F00B7F0BC /* Layout Feed 01.png */ = {isa = PBXFileReference; lastKnownFileType = image.png; path = "Layout Feed 01.png"; sourceTree = "<group>"; };
		1BAADDA11ADBF78F00B7F0BC /* Layout Feed 02.png */ = {isa = PBXFileReference; lastKnownFileType = image.png; path = "Layout Feed 02.png"; sourceTree = "<group>"; };
		1BAADDA21ADBF78F00B7F0BC /* Layout Login 01 Entrar (2).png */ = {isa = PBXFileReference; lastKnownFileType = image.png; path = "Layout Login 01 Entrar (2).png"; sourceTree = "<group>"; };
		1BAADDA31ADBF78F00B7F0BC /* Layout Login.png */ = {isa = PBXFileReference; lastKnownFileType = image.png; path = "Layout Login.png"; sourceTree = "<group>"; };
		1BAADDA41ADBF78F00B7F0BC /* Layout Minha Agenda 01 Adicionar Filme.png */ = {isa = PBXFileReference; lastKnownFileType = image.png; path = "Layout Minha Agenda 01 Adicionar Filme.png"; sourceTree = "<group>"; };
		1BAADDA51ADBF78F00B7F0BC /* Layout Minha Agenda 01 Favoritar off.png */ = {isa = PBXFileReference; lastKnownFileType = image.png; path = "Layout Minha Agenda 01 Favoritar off.png"; sourceTree = "<group>"; };
		1BAADDA61ADBF78F00B7F0BC /* Layout Minha Agenda 01 Favoritar on.png */ = {isa = PBXFileReference; lastKnownFileType = image.png; path = "Layout Minha Agenda 01 Favoritar on.png"; sourceTree = "<group>"; };
		1BAADDA71ADBF78F00B7F0BC /* Layout Minha Agenda 01 Favoritos.png */ = {isa = PBXFileReference; lastKnownFileType = image.png; path = "Layout Minha Agenda 01 Favoritos.png"; sourceTree = "<group>"; };
		1BAADDA81ADBF78F00B7F0BC /* Layout Minha Agenda 01 Novo Filme.png */ = {isa = PBXFileReference; lastKnownFileType = image.png; path = "Layout Minha Agenda 01 Novo Filme.png"; sourceTree = "<group>"; };
		1BAADDA91ADBF78F00B7F0BC /* Layout Minha Agenda 01.png */ = {isa = PBXFileReference; lastKnownFileType = image.png; path = "Layout Minha Agenda 01.png"; sourceTree = "<group>"; };
		1BAADDAA1ADBF78F00B7F0BC /* Layout Sidebar 01 Icon Feed.png */ = {isa = PBXFileReference; lastKnownFileType = image.png; path = "Layout Sidebar 01 Icon Feed.png"; sourceTree = "<group>"; };
		1BAADDAB1ADBF78F00B7F0BC /* Layout Sidebar 01 Icon Minha Agenda.png */ = {isa = PBXFileReference; lastKnownFileType = image.png; path = "Layout Sidebar 01 Icon Minha Agenda.png"; sourceTree = "<group>"; };
		1BAADDAC1ADBF78F00B7F0BC /* Layout Sidebar 01 Icon Preferências.png */ = {isa = PBXFileReference; lastKnownFileType = image.png; path = "Layout Sidebar 01 Icon Preferências.png"; sourceTree = "<group>"; };
		1BAADDAD1ADBF78F00B7F0BC /* Layout Sidebar 01 Icon Sair.png */ = {isa = PBXFileReference; lastKnownFileType = image.png; path = "Layout Sidebar 01 Icon Sair.png"; sourceTree = "<group>"; };
		1BAADDAE1ADBF78F00B7F0BC /* Layout Sidebar 01 Icon.png */ = {isa = PBXFileReference; lastKnownFileType = image.png; path = "Layout Sidebar 01 Icon.png"; sourceTree = "<group>"; };
		1BAADDAF1ADBF78F00B7F0BC /* Layout Sidebar 01.png */ = {isa = PBXFileReference; lastKnownFileType = image.png; path = "Layout Sidebar 01.png"; sourceTree = "<group>"; };
		1BAADDC61ADBF7B700B7F0BC /* Layout Feed 01 Top Bar 01.png */ = {isa = PBXFileReference; lastKnownFileType = image.png; path = "Layout Feed 01 Top Bar 01.png"; sourceTree = "<group>"; };
		1BAADDC71ADBF7B700B7F0BC /* Layout Feed 01 Top Bar 02.png */ = {isa = PBXFileReference; lastKnownFileType = image.png; path = "Layout Feed 01 Top Bar 02.png"; sourceTree = "<group>"; };
		1BAADDC81ADBF7B700B7F0BC /* Layout Minha Agenda 01 Buscar na lista.png */ = {isa = PBXFileReference; lastKnownFileType = image.png; path = "Layout Minha Agenda 01 Buscar na lista.png"; sourceTree = "<group>"; };
		1BAADDC91ADBF7B700B7F0BC /* Layout Minha Agenda 01 Confirmar.png */ = {isa = PBXFileReference; lastKnownFileType = image.png; path = "Layout Minha Agenda 01 Confirmar.png"; sourceTree = "<group>"; };
		1BAADDCA1ADBF7B700B7F0BC /* Layout Minha Agenda 01 Editar 01.png */ = {isa = PBXFileReference; lastKnownFileType = image.png; path = "Layout Minha Agenda 01 Editar 01.png"; sourceTree = "<group>"; };
		1BAADDCB1ADBF7B700B7F0BC /* Layout Minha Agenda 01 Excluir.png */ = {isa = PBXFileReference; lastKnownFileType = image.png; path = "Layout Minha Agenda 01 Excluir.png"; sourceTree = "<group>"; };
		1BAADDCC1ADBF7B700B7F0BC /* Layout Minha Agenda 01 Voltar.png */ = {isa = PBXFileReference; lastKnownFileType = image.png; path = "Layout Minha Agenda 01 Voltar.png"; sourceTree = "<group>"; };
/* End PBXFileReference section */

/* Begin PBXFrameworksBuildPhase section */
		1BAADD5E1ADBF3F700B7F0BC /* Frameworks */ = {
			isa = PBXFrameworksBuildPhase;
			buildActionMask = 2147483647;
			files = (
			);
			runOnlyForDeploymentPostprocessing = 0;
		};
		1BAADD771ADBF3F700B7F0BC /* Frameworks */ = {
			isa = PBXFrameworksBuildPhase;
			buildActionMask = 2147483647;
			files = (
			);
			runOnlyForDeploymentPostprocessing = 0;
		};
/* End PBXFrameworksBuildPhase section */

/* Begin PBXGroup section */
		1BAADD581ADBF3F700B7F0BC = {
			isa = PBXGroup;
			children = (
				1BAADD631ADBF3F700B7F0BC /* CineAgenda */,
				1BAADD7D1ADBF3F700B7F0BC /* CineAgendaTests */,
				1BAADD621ADBF3F700B7F0BC /* Products */,
			);
			sourceTree = "<group>";
		};
		1BAADD621ADBF3F700B7F0BC /* Products */ = {
			isa = PBXGroup;
			children = (
				1BAADD611ADBF3F700B7F0BC /* CineAgenda.app */,
				1BAADD7A1ADBF3F700B7F0BC /* CineAgendaTests.xctest */,
			);
			name = Products;
			sourceTree = "<group>";
		};
		1BAADD631ADBF3F700B7F0BC /* CineAgenda */ = {
			isa = PBXGroup;
			children = (
				1BAADD681ADBF3F700B7F0BC /* AppDelegate.h */,
				1BAADD691ADBF3F700B7F0BC /* AppDelegate.m */,
				1BAADD6B1ADBF3F700B7F0BC /* ViewController.h */,
				1BAADD6C1ADBF3F700B7F0BC /* ViewController.m */,
				1BAADD6E1ADBF3F700B7F0BC /* Main.storyboard */,
				1BAADD711ADBF3F700B7F0BC /* Images.xcassets */,
				1BAADD731ADBF3F700B7F0BC /* LaunchScreen.xib */,
				1BAADD991ADBF74200B7F0BC /* Images */,
				1BAADD641ADBF3F700B7F0BC /* Supporting Files */,
			);
			path = CineAgenda;
			sourceTree = "<group>";
		};
		1BAADD641ADBF3F700B7F0BC /* Supporting Files */ = {
			isa = PBXGroup;
			children = (
				1BAADD651ADBF3F700B7F0BC /* Info.plist */,
				1BAADD661ADBF3F700B7F0BC /* main.m */,
			);
			name = "Supporting Files";
			sourceTree = "<group>";
		};
		1BAADD7D1ADBF3F700B7F0BC /* CineAgendaTests */ = {
			isa = PBXGroup;
			children = (
				1BAADD801ADBF3F700B7F0BC /* CineAgendaTests.m */,
				1BAADD7E1ADBF3F700B7F0BC /* Supporting Files */,
			);
			path = CineAgendaTests;
			sourceTree = "<group>";
		};
		1BAADD7E1ADBF3F700B7F0BC /* Supporting Files */ = {
			isa = PBXGroup;
			children = (
				1BAADD7F1ADBF3F700B7F0BC /* Info.plist */,
			);
			name = "Supporting Files";
			sourceTree = "<group>";
		};
		1BAADD991ADBF74200B7F0BC /* Images */ = {
			isa = PBXGroup;
			children = (
				1BAADD9A1ADBF78F00B7F0BC /* iTunesArtwork@2x.png */,
				1BAADD9B1ADBF78F00B7F0BC /* Layout Feed 01 Aba 01.png */,
				1BAADD9C1ADBF78F00B7F0BC /* Layout Feed 01 Aba 02.png */,
				1BAADD9D1ADBF78F00B7F0BC /* Layout Feed 01 Agenda.png */,
				1BAADD9E1ADBF78F00B7F0BC /* Layout Feed 01 Poster size.png */,
				1BAADD9F1ADBF78F00B7F0BC /* Layout Feed 01 Ver mais.png */,
				1BAADDC61ADBF7B700B7F0BC /* Layout Feed 01 Top Bar 01.png */,
				1BAADDC71ADBF7B700B7F0BC /* Layout Feed 01 Top Bar 02.png */,
				1BAADDC81ADBF7B700B7F0BC /* Layout Minha Agenda 01 Buscar na lista.png */,
				1BAADDC91ADBF7B700B7F0BC /* Layout Minha Agenda 01 Confirmar.png */,
				1BAADDCA1ADBF7B700B7F0BC /* Layout Minha Agenda 01 Editar 01.png */,
				1BAADDCB1ADBF7B700B7F0BC /* Layout Minha Agenda 01 Excluir.png */,
				1BAADDCC1ADBF7B700B7F0BC /* Layout Minha Agenda 01 Voltar.png */,
				1BAADDA01ADBF78F00B7F0BC /* Layout Feed 01.png */,
				1BAADDA11ADBF78F00B7F0BC /* Layout Feed 02.png */,
				1BAADDA21ADBF78F00B7F0BC /* Layout Login 01 Entrar (2).png */,
				1BAADDA31ADBF78F00B7F0BC /* Layout Login.png */,
				1BAADDA41ADBF78F00B7F0BC /* Layout Minha Agenda 01 Adicionar Filme.png */,
				1BAADDA51ADBF78F00B7F0BC /* Layout Minha Agenda 01 Favoritar off.png */,
				1BAADDA61ADBF78F00B7F0BC /* Layout Minha Agenda 01 Favoritar on.png */,
				1BAADDA71ADBF78F00B7F0BC /* Layout Minha Agenda 01 Favoritos.png */,
				1BAADDA81ADBF78F00B7F0BC /* Layout Minha Agenda 01 Novo Filme.png */,
				1BAADDA91ADBF78F00B7F0BC /* Layout Minha Agenda 01.png */,
				1BAADDAA1ADBF78F00B7F0BC /* Layout Sidebar 01 Icon Feed.png */,
				1BAADDAB1ADBF78F00B7F0BC /* Layout Sidebar 01 Icon Minha Agenda.png */,
				1BAADDAC1ADBF78F00B7F0BC /* Layout Sidebar 01 Icon Preferências.png */,
				1BAADDAD1ADBF78F00B7F0BC /* Layout Sidebar 01 Icon Sair.png */,
				1BAADDAE1ADBF78F00B7F0BC /* Layout Sidebar 01 Icon.png */,
				1BAADDAF1ADBF78F00B7F0BC /* Layout Sidebar 01.png */,
			);
			name = Images;
			sourceTree = "<group>";
		};
/* End PBXGroup section */

/* Begin PBXNativeTarget section */
		1BAADD601ADBF3F700B7F0BC /* CineAgenda */ = {
			isa = PBXNativeTarget;
			buildConfigurationList = 1BAADD841ADBF3F700B7F0BC /* Build configuration list for PBXNativeTarget "CineAgenda" */;
			buildPhases = (
				1BAADD5D1ADBF3F700B7F0BC /* Sources */,
				1BAADD5E1ADBF3F700B7F0BC /* Frameworks */,
				1BAADD5F1ADBF3F700B7F0BC /* Resources */,
			);
			buildRules = (
			);
			dependencies = (
			);
			name = CineAgenda;
			productName = CineAgenda;
			productReference = 1BAADD611ADBF3F700B7F0BC /* CineAgenda.app */;
			productType = "com.apple.product-type.application";
		};
		1BAADD791ADBF3F700B7F0BC /* CineAgendaTests */ = {
			isa = PBXNativeTarget;
			buildConfigurationList = 1BAADD871ADBF3F700B7F0BC /* Build configuration list for PBXNativeTarget "CineAgendaTests" */;
			buildPhases = (
				1BAADD761ADBF3F700B7F0BC /* Sources */,
				1BAADD771ADBF3F700B7F0BC /* Frameworks */,
				1BAADD781ADBF3F700B7F0BC /* Resources */,
			);
			buildRules = (
			);
			dependencies = (
				1BAADD7C1ADBF3F700B7F0BC /* PBXTargetDependency */,
			);
			name = CineAgendaTests;
			productName = CineAgendaTests;
			productReference = 1BAADD7A1ADBF3F700B7F0BC /* CineAgendaTests.xctest */;
			productType = "com.apple.product-type.bundle.unit-test";
		};
/* End PBXNativeTarget section */

/* Begin PBXProject section */
		1BAADD591ADBF3F700B7F0BC /* Project object */ = {
			isa = PBXProject;
			attributes = {
				LastUpgradeCheck = 0630;
				ORGANIZATIONNAME = "LLBE Corp";
				TargetAttributes = {
					1BAADD601ADBF3F700B7F0BC = {
						CreatedOnToolsVersion = 6.3;
					};
					1BAADD791ADBF3F700B7F0BC = {
						CreatedOnToolsVersion = 6.3;
						TestTargetID = 1BAADD601ADBF3F700B7F0BC;
					};
				};
			};
			buildConfigurationList = 1BAADD5C1ADBF3F700B7F0BC /* Build configuration list for PBXProject "CineAgenda" */;
			compatibilityVersion = "Xcode 3.2";
			developmentRegion = English;
			hasScannedForEncodings = 0;
			knownRegions = (
				en,
				Base,
			);
			mainGroup = 1BAADD581ADBF3F700B7F0BC;
			productRefGroup = 1BAADD621ADBF3F700B7F0BC /* Products */;
			projectDirPath = "";
			projectRoot = "";
			targets = (
				1BAADD601ADBF3F700B7F0BC /* CineAgenda */,
				1BAADD791ADBF3F700B7F0BC /* CineAgendaTests */,
			);
		};
/* End PBXProject section */

/* Begin PBXResourcesBuildPhase section */
		1BAADD5F1ADBF3F700B7F0BC /* Resources */ = {
			isa = PBXResourcesBuildPhase;
			buildActionMask = 2147483647;
			files = (
				1BAADDC51ADBF78F00B7F0BC /* Layout Sidebar 01.png in Resources */,
				1BAADDCF1ADBF7B700B7F0BC /* Layout Minha Agenda 01 Buscar na lista.png in Resources */,
				1BAADDBD1ADBF78F00B7F0BC /* Layout Minha Agenda 01 Favoritos.png in Resources */,
				1BAADDD11ADBF7B700B7F0BC /* Layout Minha Agenda 01 Editar 01.png in Resources */,
				1BAADD701ADBF3F700B7F0BC /* Main.storyboard in Resources */,
				1BAADDD21ADBF7B700B7F0BC /* Layout Minha Agenda 01 Excluir.png in Resources */,
				1BAADDBC1ADBF78F00B7F0BC /* Layout Minha Agenda 01 Favoritar on.png in Resources */,
				1BAADDB91ADBF78F00B7F0BC /* Layout Login.png in Resources */,
				1BAADDD31ADBF7B700B7F0BC /* Layout Minha Agenda 01 Voltar.png in Resources */,
				1BAADDC21ADBF78F00B7F0BC /* Layout Sidebar 01 Icon Preferências.png in Resources */,
				1BAADDB21ADBF78F00B7F0BC /* Layout Feed 01 Aba 02.png in Resources */,
				1BAADDC11ADBF78F00B7F0BC /* Layout Sidebar 01 Icon Minha Agenda.png in Resources */,
				1BAADDC41ADBF78F00B7F0BC /* Layout Sidebar 01 Icon.png in Resources */,
				1BAADDB61ADBF78F00B7F0BC /* Layout Feed 01.png in Resources */,
				1BAADDBA1ADBF78F00B7F0BC /* Layout Minha Agenda 01 Adicionar Filme.png in Resources */,
				1BAADDB11ADBF78F00B7F0BC /* Layout Feed 01 Aba 01.png in Resources */,
				1BAADDB31ADBF78F00B7F0BC /* Layout Feed 01 Agenda.png in Resources */,
				1BAADDBB1ADBF78F00B7F0BC /* Layout Minha Agenda 01 Favoritar off.png in Resources */,
				1BAADDB41ADBF78F00B7F0BC /* Layout Feed 01 Poster size.png in Resources */,
				1BAADDCE1ADBF7B700B7F0BC /* Layout Feed 01 Top Bar 02.png in Resources */,
				1BAADDB51ADBF78F00B7F0BC /* Layout Feed 01 Ver mais.png in Resources */,
				1BAADDC31ADBF78F00B7F0BC /* Layout Sidebar 01 Icon Sair.png in Resources */,
				1BAADDC01ADBF78F00B7F0BC /* Layout Sidebar 01 Icon Feed.png in Resources */,
				1BAADDCD1ADBF7B700B7F0BC /* Layout Feed 01 Top Bar 01.png in Resources */,
				1BAADDBF1ADBF78F00B7F0BC /* Layout Minha Agenda 01.png in Resources */,
				1BAADD751ADBF3F700B7F0BC /* LaunchScreen.xib in Resources */,
				1BAADDD01ADBF7B700B7F0BC /* Layout Minha Agenda 01 Confirmar.png in Resources */,
				1BAADDB81ADBF78F00B7F0BC /* Layout Login 01 Entrar (2).png in Resources */,
				1BAADD721ADBF3F700B7F0BC /* Images.xcassets in Resources */,
				1BAADDB71ADBF78F00B7F0BC /* Layout Feed 02.png in Resources */,
				1BAADDB01ADBF78F00B7F0BC /* iTunesArtwork@2x.png in Resources */,
				1BAADDBE1ADBF78F00B7F0BC /* Layout Minha Agenda 01 Novo Filme.png in Resources */,
			);
			runOnlyForDeploymentPostprocessing = 0;
		};
		1BAADD781ADBF3F700B7F0BC /* Resources */ = {
			isa = PBXResourcesBuildPhase;
			buildActionMask = 2147483647;
			files = (
			);
			runOnlyForDeploymentPostprocessing = 0;
		};
/* End PBXResourcesBuildPhase section */

/* Begin PBXSourcesBuildPhase section */
		1BAADD5D1ADBF3F700B7F0BC /* Sources */ = {
			isa = PBXSourcesBuildPhase;
			buildActionMask = 2147483647;
			files = (
				1BAADD6D1ADBF3F700B7F0BC /* ViewController.m in Sources */,
				1BAADD6A1ADBF3F700B7F0BC /* AppDelegate.m in Sources */,
				1BAADD671ADBF3F700B7F0BC /* main.m in Sources */,
			);
			runOnlyForDeploymentPostprocessing = 0;
		};
		1BAADD761ADBF3F700B7F0BC /* Sources */ = {
			isa = PBXSourcesBuildPhase;
			buildActionMask = 2147483647;
			files = (
				1BAADD811ADBF3F700B7F0BC /* CineAgendaTests.m in Sources */,
			);
			runOnlyForDeploymentPostprocessing = 0;
		};
/* End PBXSourcesBuildPhase section */

/* Begin PBXTargetDependency section */
		1BAADD7C1ADBF3F700B7F0BC /* PBXTargetDependency */ = {
			isa = PBXTargetDependency;
			target = 1BAADD601ADBF3F700B7F0BC /* CineAgenda */;
			targetProxy = 1BAADD7B1ADBF3F700B7F0BC /* PBXContainerItemProxy */;
		};
/* End PBXTargetDependency section */

/* Begin PBXVariantGroup section */
		1BAADD6E1ADBF3F700B7F0BC /* Main.storyboard */ = {
			isa = PBXVariantGroup;
			children = (
				1BAADD6F1ADBF3F700B7F0BC /* Base */,
			);
			name = Main.storyboard;
			sourceTree = "<group>";
		};
		1BAADD731ADBF3F700B7F0BC /* LaunchScreen.xib */ = {
			isa = PBXVariantGroup;
			children = (
				1BAADD741ADBF3F700B7F0BC /* Base */,
			);
			name = LaunchScreen.xib;
			sourceTree = "<group>";
		};
/* End PBXVariantGroup section */

/* Begin XCBuildConfiguration section */
		1BAADD821ADBF3F700B7F0BC /* Debug */ = {
			isa = XCBuildConfiguration;
			buildSettings = {
				ALWAYS_SEARCH_USER_PATHS = NO;
				CLANG_CXX_LANGUAGE_STANDARD = "gnu++0x";
				CLANG_CXX_LIBRARY = "libc++";
				CLANG_ENABLE_MODULES = YES;
				CLANG_ENABLE_OBJC_ARC = YES;
				CLANG_WARN_BOOL_CONVERSION = YES;
				CLANG_WARN_CONSTANT_CONVERSION = YES;
				CLANG_WARN_DIRECT_OBJC_ISA_USAGE = YES_ERROR;
				CLANG_WARN_EMPTY_BODY = YES;
				CLANG_WARN_ENUM_CONVERSION = YES;
				CLANG_WARN_INT_CONVERSION = YES;
				CLANG_WARN_OBJC_ROOT_CLASS = YES_ERROR;
				CLANG_WARN_UNREACHABLE_CODE = YES;
				CLANG_WARN__DUPLICATE_METHOD_MATCH = YES;
				"CODE_SIGN_IDENTITY[sdk=iphoneos*]" = "iPhone Developer";
				COPY_PHASE_STRIP = NO;
				DEBUG_INFORMATION_FORMAT = "dwarf-with-dsym";
				ENABLE_STRICT_OBJC_MSGSEND = YES;
				GCC_C_LANGUAGE_STANDARD = gnu99;
				GCC_DYNAMIC_NO_PIC = NO;
				GCC_NO_COMMON_BLOCKS = YES;
				GCC_OPTIMIZATION_LEVEL = 0;
				GCC_PREPROCESSOR_DEFINITIONS = (
					"DEBUG=1",
					"$(inherited)",
				);
				GCC_SYMBOLS_PRIVATE_EXTERN = NO;
				GCC_WARN_64_TO_32_BIT_CONVERSION = YES;
				GCC_WARN_ABOUT_RETURN_TYPE = YES_ERROR;
				GCC_WARN_UNDECLARED_SELECTOR = YES;
				GCC_WARN_UNINITIALIZED_AUTOS = YES_AGGRESSIVE;
				GCC_WARN_UNUSED_FUNCTION = YES;
				GCC_WARN_UNUSED_VARIABLE = YES;
				IPHONEOS_DEPLOYMENT_TARGET = 8.3;
				MTL_ENABLE_DEBUG_INFO = YES;
				ONLY_ACTIVE_ARCH = YES;
				SDKROOT = iphoneos;
			};
			name = Debug;
		};
		1BAADD831ADBF3F700B7F0BC /* Release */ = {
			isa = XCBuildConfiguration;
			buildSettings = {
				ALWAYS_SEARCH_USER_PATHS = NO;
				CLANG_CXX_LANGUAGE_STANDARD = "gnu++0x";
				CLANG_CXX_LIBRARY = "libc++";
				CLANG_ENABLE_MODULES = YES;
				CLANG_ENABLE_OBJC_ARC = YES;
				CLANG_WARN_BOOL_CONVERSION = YES;
				CLANG_WARN_CONSTANT_CONVERSION = YES;
				CLANG_WARN_DIRECT_OBJC_ISA_USAGE = YES_ERROR;
				CLANG_WARN_EMPTY_BODY = YES;
				CLANG_WARN_ENUM_CONVERSION = YES;
				CLANG_WARN_INT_CONVERSION = YES;
				CLANG_WARN_OBJC_ROOT_CLASS = YES_ERROR;
				CLANG_WARN_UNREACHABLE_CODE = YES;
				CLANG_WARN__DUPLICATE_METHOD_MATCH = YES;
				"CODE_SIGN_IDENTITY[sdk=iphoneos*]" = "iPhone Developer";
				COPY_PHASE_STRIP = NO;
				DEBUG_INFORMATION_FORMAT = "dwarf-with-dsym";
				ENABLE_NS_ASSERTIONS = NO;
				ENABLE_STRICT_OBJC_MSGSEND = YES;
				GCC_C_LANGUAGE_STANDARD = gnu99;
				GCC_NO_COMMON_BLOCKS = YES;
				GCC_WARN_64_TO_32_BIT_CONVERSION = YES;
				GCC_WARN_ABOUT_RETURN_TYPE = YES_ERROR;
				GCC_WARN_UNDECLARED_SELECTOR = YES;
				GCC_WARN_UNINITIALIZED_AUTOS = YES_AGGRESSIVE;
				GCC_WARN_UNUSED_FUNCTION = YES;
				GCC_WARN_UNUSED_VARIABLE = YES;
				IPHONEOS_DEPLOYMENT_TARGET = 8.3;
				MTL_ENABLE_DEBUG_INFO = NO;
				SDKROOT = iphoneos;
				VALIDATE_PRODUCT = YES;
			};
			name = Release;
		};
		1BAADD851ADBF3F700B7F0BC /* Debug */ = {
			isa = XCBuildConfiguration;
			buildSettings = {
				ASSETCATALOG_COMPILER_APPICON_NAME = AppIcon;
				INFOPLIST_FILE = CineAgenda/Info.plist;
				LD_RUNPATH_SEARCH_PATHS = "$(inherited) @executable_path/Frameworks";
				PRODUCT_NAME = "$(TARGET_NAME)";
			};
			name = Debug;
		};
		1BAADD861ADBF3F700B7F0BC /* Release */ = {
			isa = XCBuildConfiguration;
			buildSettings = {
				ASSETCATALOG_COMPILER_APPICON_NAME = AppIcon;
				INFOPLIST_FILE = CineAgenda/Info.plist;
				LD_RUNPATH_SEARCH_PATHS = "$(inherited) @executable_path/Frameworks";
				PRODUCT_NAME = "$(TARGET_NAME)";
			};
			name = Release;
		};
		1BAADD881ADBF3F700B7F0BC /* Debug */ = {
			isa = XCBuildConfiguration;
			buildSettings = {
				BUNDLE_LOADER = "$(TEST_HOST)";
				FRAMEWORK_SEARCH_PATHS = (
					"$(SDKROOT)/Developer/Library/Frameworks",
					"$(inherited)",
				);
				GCC_PREPROCESSOR_DEFINITIONS = (
					"DEBUG=1",
					"$(inherited)",
				);
				INFOPLIST_FILE = CineAgendaTests/Info.plist;
				LD_RUNPATH_SEARCH_PATHS = "$(inherited) @executable_path/Frameworks @loader_path/Frameworks";
				PRODUCT_NAME = "$(TARGET_NAME)";
				TEST_HOST = "$(BUILT_PRODUCTS_DIR)/CineAgenda.app/CineAgenda";
			};
			name = Debug;
		};
		1BAADD891ADBF3F700B7F0BC /* Release */ = {
			isa = XCBuildConfiguration;
			buildSettings = {
				BUNDLE_LOADER = "$(TEST_HOST)";
				FRAMEWORK_SEARCH_PATHS = (
					"$(SDKROOT)/Developer/Library/Frameworks",
					"$(inherited)",
				);
				INFOPLIST_FILE = CineAgendaTests/Info.plist;
				LD_RUNPATH_SEARCH_PATHS = "$(inherited) @executable_path/Frameworks @loader_path/Frameworks";
				PRODUCT_NAME = "$(TARGET_NAME)";
				TEST_HOST = "$(BUILT_PRODUCTS_DIR)/CineAgenda.app/CineAgenda";
			};
			name = Release;
		};
/* End XCBuildConfiguration section */

/* Begin XCConfigurationList section */
		1BAADD5C1ADBF3F700B7F0BC /* Build configuration list for PBXProject "CineAgenda" */ = {
			isa = XCConfigurationList;
			buildConfigurations = (
				1BAADD821ADBF3F700B7F0BC /* Debug */,
				1BAADD831ADBF3F700B7F0BC /* Release */,
			);
			defaultConfigurationIsVisible = 0;
			defaultConfigurationName = Release;
		};
		1BAADD841ADBF3F700B7F0BC /* Build configuration list for PBXNativeTarget "CineAgenda" */ = {
			isa = XCConfigurationList;
			buildConfigurations = (
				1BAADD851ADBF3F700B7F0BC /* Debug */,
				1BAADD861ADBF3F700B7F0BC /* Release */,
			);
			defaultConfigurationIsVisible = 0;
			defaultConfigurationName = Release;
		};
		1BAADD871ADBF3F700B7F0BC /* Build configuration list for PBXNativeTarget "CineAgendaTests" */ = {
			isa = XCConfigurationList;
			buildConfigurations = (
				1BAADD881ADBF3F700B7F0BC /* Debug */,
				1BAADD891ADBF3F700B7F0BC /* Release */,
			);
			defaultConfigurationIsVisible = 0;
			defaultConfigurationName = Release;
		};
/* End XCConfigurationList section */
	};
	rootObject = 1BAADD591ADBF3F700B7F0BC /* Project object */;
}
